
Microsoft Visual Studio Solution File, Format Version 12.00
# Visual Studio Version 17
VisualStudioVersion = 17.4.33205.214
MinimumVisualStudioVersion = 10.0.40219.1
Project("{FAE04EC0-301F-11D3-BF4B-00C04F79EFBC}") = "GUI", "AttendanceSystem\GUI.csproj", "{C39F37C1-3F4B-432B-B78A-097485478A34}"
EndProject
Project("{FAE04EC0-301F-11D3-BF4B-00C04F79EFBC}") = "BLL", "BLL\BLL.csproj", "{6A9E3AFB-3AD3-4AB1-836B-4085C38126FF}"
EndProject
Project("{FAE04EC0-301F-11D3-BF4B-00C04F79EFBC}") = "DTO", "DTO\DTO.csproj", "{453DBBED-C9B0-4961-8A37-87E504C9AC10}"
EndProject
Project("{FAE04EC0-301F-11D3-BF4B-00C04F79EFBC}") = "DAL", "DAL\DAL.csproj", "{5550B27F-9819-4A98-BC27-9B4E95C41D71}"
EndProject
Global
	GlobalSection(SolutionConfigurationPlatforms) = preSolution
		Debug|Any CPU = Debug|Any CPU
		Release|Any CPU = Release|Any CPU
	EndGlobalSection
	GlobalSection(ProjectConfigurationPlatforms) = postSolution
		{C39F37C1-3F4B-432B-B78A-097485478A34}.Debug|Any CPU.ActiveCfg = Debug|Any CPU
		{C39F37C1-3F4B-432B-B78A-097485478A34}.Debug|Any CPU.Build.0 = Debug|Any CPU
		{C39F37C1-3F4B-432B-B78A-097485478A34}.Release|Any CPU.ActiveCfg = Release|Any CPU
		{C39F37C1-3F4B-432B-B78A-097485478A34}.Release|Any CPU.Build.0 = Release|Any CPU
		{6A9E3AFB-3AD3-4AB1-836B-4085C38126FF}.Debug|Any CPU.ActiveCfg = Debug|Any CPU
		{6A9E3AFB-3AD3-4AB1-836B-4085C38126FF}.Debug|Any CPU.Build.0 = Debug|Any CPU
		{6A9E3AFB-3AD3-4AB1-836B-4085C38126FF}.Release|Any CPU.ActiveCfg = Release|Any CPU
		{6A9E3AFB-3AD3-4AB1-836B-4085C38126FF}.Release|Any CPU.Build.0 = Release|Any CPU
		{453DBBED-C9B0-4961-8A37-87E504C9AC10}.Debug|Any CPU.ActiveCfg = Debug|Any CPU
		{453DBBED-C9B0-4961-8A37-87E504C9AC10}.Debug|Any CPU.Build.0 = Debug|Any CPU
		{453DBBED-C9B0-4961-8A37-87E504C9AC10}.Release|Any CPU.ActiveCfg = Release|Any CPU
		{453DBBED-C9B0-4961-8A37-87E504C9AC10}.Release|Any CPU.Build.0 = Release|Any CPU
		{5550B27F-9819-4A98-BC27-9B4E95C41D71}.Debug|Any CPU.ActiveCfg = Debug|Any CPU
		{5550B27F-9819-4A98-BC27-9B4E95C41D71}.Debug|Any CPU.Build.0 = Debug|Any CPU
		{5550B27F-9819-4A98-BC27-9B4E95C41D71}.Release|Any CPU.ActiveCfg = Release|Any CPU
		{5550B27F-9819-4A98-BC27-9B4E95C41D71}.Release|Any CPU.Build.0 = Release|Any CPU
	EndGlobalSection
	GlobalSection(SolutionProperties) = preSolution
		HideSolutionNode = FALSE
	EndGlobalSection
	GlobalSection(ExtensibilityGlobals) = postSolution
		SolutionGuid = {2C762F00-6E9A-44B6-83FF-F80027BFE8B5}
	EndGlobalSection
EndGlobal
